
Microsoft Visual Studio Solution File, Format Version 12.00
# Visual Studio Version 17
VisualStudioVersion = 17.8.34330.188
MinimumVisualStudioVersion = 10.0.40219.1
Project("{FAE04EC0-301F-11D3-BF4B-00C04F79EFBC}") = "AuthorsAPI", "WebApplication1\AuthorsAPI.csproj", "{1C6E8A17-A778-4110-AEAE-BB1519A62D00}"
EndProject
Global
	GlobalSection(SolutionConfigurationPlatforms) = preSolution
		Debug|Any CPU = Debug|Any CPU
		Release|Any CPU = Release|Any CPU
	EndGlobalSection
	GlobalSection(ProjectConfigurationPlatforms) = postSolution
		{1C6E8A17-A778-4110-AEAE-BB1519A62D00}.Debug|Any CPU.ActiveCfg = Debug|Any CPU
		{1C6E8A17-A778-4110-AEAE-BB1519A62D00}.Debug|Any CPU.Build.0 = Debug|Any CPU
		{1C6E8A17-A778-4110-AEAE-BB1519A62D00}.Release|Any CPU.ActiveCfg = Release|Any CPU
		{1C6E8A17-A778-4110-AEAE-BB1519A62D00}.Release|Any CPU.Build.0 = Release|Any CPU
	EndGlobalSection
	GlobalSection(SolutionProperties) = preSolution
		HideSolutionNode = FALSE
	EndGlobalSection
	GlobalSection(ExtensibilityGlobals) = postSolution
		SolutionGuid = {9C8B09FC-75C1-4F49-AC02-59E62EF98CBE}
	EndGlobalSection
EndGlobal
